
Microsoft Visual Studio Solution File, Format Version 10.00
# Visual Studio 2008
Project("{FAE04EC0-301F-11D3-BF4B-00C04F79EFBC}") = "Z-Minifier", "Z-Minifier\Z-Minifier.csproj", "{AAC8B76C-CB9F-4F43-A1D4-22ACA1F5BC6D}"
EndProject
Global
	GlobalSection(SolutionConfigurationPlatforms) = preSolution
		Debug|Any CPU = Debug|Any CPU
		Release|Any CPU = Release|Any CPU
	EndGlobalSection
	GlobalSection(ProjectConfigurationPlatforms) = postSolution
		{AAC8B76C-CB9F-4F43-A1D4-22ACA1F5BC6D}.Debug|Any CPU.ActiveCfg = Debug|Any CPU
		{AAC8B76C-CB9F-4F43-A1D4-22ACA1F5BC6D}.Debug|Any CPU.Build.0 = Debug|Any CPU
		{AAC8B76C-CB9F-4F43-A1D4-22ACA1F5BC6D}.Release|Any CPU.ActiveCfg = Release|Any CPU
		{AAC8B76C-CB9F-4F43-A1D4-22ACA1F5BC6D}.Release|Any CPU.Build.0 = Release|Any CPU
	EndGlobalSection
	GlobalSection(SolutionProperties) = preSolution
		HideSolutionNode = FALSE
	EndGlobalSection
EndGlobal
